// !$*UTF8*$!
{
	archiveVersion = 1;
	classes = {
	};
	objectVersion = 56;
	objects = {

/* Begin PBXBuildFile section */
		7501A4362B250B0D000C4F7A /* GroceriesApp.swift in Sources */ = {isa = PBXBuildFile; fileRef = 7501A4352B250B0D000C4F7A /* GroceriesApp.swift */; };
		7501A4382B250B0D000C4F7A /* MainTabContainerView.swift in Sources */ = {isa = PBXBuildFile; fileRef = 7501A4372B250B0D000C4F7A /* MainTabContainerView.swift */; };
		7501A43A2B250B0E000C4F7A /* Assets.xcassets in Resources */ = {isa = PBXBuildFile; fileRef = 7501A4392B250B0E000C4F7A /* Assets.xcassets */; };
		7501A43D2B250B0E000C4F7A /* Preview Assets.xcassets in Resources */ = {isa = PBXBuildFile; fileRef = 7501A43C2B250B0E000C4F7A /* Preview Assets.xcassets */; };
		7501A4442B250ED6000C4F7A /* CustomTabBar.swift in Sources */ = {isa = PBXBuildFile; fileRef = 7501A4432B250ED6000C4F7A /* CustomTabBar.swift */; };
		7501A44A2B2516F4000C4F7A /* StoreView.swift in Sources */ = {isa = PBXBuildFile; fileRef = 7501A4492B2516F4000C4F7A /* StoreView.swift */; };
		7501A44C2B251702000C4F7A /* CartView.swift in Sources */ = {isa = PBXBuildFile; fileRef = 7501A44B2B251702000C4F7A /* CartView.swift */; };
		7501A44E2B251712000C4F7A /* SetupView.swift in Sources */ = {isa = PBXBuildFile; fileRef = 7501A44D2B251712000C4F7A /* SetupView.swift */; };
		7501A4522B251E86000C4F7A /* ProductCardView.swift in Sources */ = {isa = PBXBuildFile; fileRef = 7501A4512B251E86000C4F7A /* ProductCardView.swift */; };
		7501A4552B25B676000C4F7A /* GroceryModel.swift in Sources */ = {isa = PBXBuildFile; fileRef = 7501A4542B25B676000C4F7A /* GroceryModel.swift */; };
		7501A4592B25C49B000C4F7A /* AddButton.swift in Sources */ = {isa = PBXBuildFile; fileRef = 7501A4582B25C49B000C4F7A /* AddButton.swift */; };
		7501A45B2B25C4C5000C4F7A /* AdjustButton.swift in Sources */ = {isa = PBXBuildFile; fileRef = 7501A45A2B25C4C5000C4F7A /* AdjustButton.swift */; };
		7501A45E2B25DACE000C4F7A /* CartItemView.swift in Sources */ = {isa = PBXBuildFile; fileRef = 7501A45D2B25DACE000C4F7A /* CartItemView.swift */; };
		753647542B262A2D000EF052 /* CartViewModel.swift in Sources */ = {isa = PBXBuildFile; fileRef = 753647532B262A2D000EF052 /* CartViewModel.swift */; };
		753647562B265BB1000EF052 /* SetupViewModel.swift in Sources */ = {isa = PBXBuildFile; fileRef = 753647552B265BB1000EF052 /* SetupViewModel.swift */; };
		7536475A2B265D59000EF052 /* SaleModalView.swift in Sources */ = {isa = PBXBuildFile; fileRef = 753647592B265D59000EF052 /* SaleModalView.swift */; };
		753647602B2665E9000EF052 /* CustomButtonView.swift in Sources */ = {isa = PBXBuildFile; fileRef = 7536475F2B2665E9000EF052 /* CustomButtonView.swift */; };
		753647642B2670AE000EF052 /* StoreViewModel.swift in Sources */ = {isa = PBXBuildFile; fileRef = 753647632B2670AE000EF052 /* StoreViewModel.swift */; };
/* End PBXBuildFile section */

/* Begin PBXFileReference section */
		7501A4322B250B0D000C4F7A /* Groceries.app */ = {isa = PBXFileReference; explicitFileType = wrapper.application; includeInIndex = 0; path = Groceries.app; sourceTree = BUILT_PRODUCTS_DIR; };
		7501A4352B250B0D000C4F7A /* GroceriesApp.swift */ = {isa = PBXFileReference; lastKnownFileType = sourcecode.swift; path = GroceriesApp.swift; sourceTree = "<group>"; };
		7501A4372B250B0D000C4F7A /* MainTabContainerView.swift */ = {isa = PBXFileReference; lastKnownFileType = sourcecode.swift; path = MainTabContainerView.swift; sourceTree = "<group>"; };
		7501A4392B250B0E000C4F7A /* Assets.xcassets */ = {isa = PBXFileReference; lastKnownFileType = folder.assetcatalog; path = Assets.xcassets; sourceTree = "<group>"; };
		7501A43C2B250B0E000C4F7A /* Preview Assets.xcassets */ = {isa = PBXFileReference; lastKnownFileType = folder.assetcatalog; path = "Preview Assets.xcassets"; sourceTree = "<group>"; };
		7501A4432B250ED6000C4F7A /* CustomTabBar.swift */ = {isa = PBXFileReference; lastKnownFileType = sourcecode.swift; path = CustomTabBar.swift; sourceTree = "<group>"; };
		7501A4492B2516F4000C4F7A /* StoreView.swift */ = {isa = PBXFileReference; lastKnownFileType = sourcecode.swift; path = StoreView.swift; sourceTree = "<group>"; };
		7501A44B2B251702000C4F7A /* CartView.swift */ = {isa = PBXFileReference; lastKnownFileType = sourcecode.swift; path = CartView.swift; sourceTree = "<group>"; };
		7501A44D2B251712000C4F7A /* SetupView.swift */ = {isa = PBXFileReference; lastKnownFileType = sourcecode.swift; path = SetupView.swift; sourceTree = "<group>"; };
		7501A4512B251E86000C4F7A /* ProductCardView.swift */ = {isa = PBXFileReference; lastKnownFileType = sourcecode.swift; path = ProductCardView.swift; sourceTree = "<group>"; };
		7501A4542B25B676000C4F7A /* GroceryModel.swift */ = {isa = PBXFileReference; lastKnownFileType = sourcecode.swift; path = GroceryModel.swift; sourceTree = "<group>"; };
		7501A4582B25C49B000C4F7A /* AddButton.swift */ = {isa = PBXFileReference; lastKnownFileType = sourcecode.swift; path = AddButton.swift; sourceTree = "<group>"; };
		7501A45A2B25C4C5000C4F7A /* AdjustButton.swift */ = {isa = PBXFileReference; lastKnownFileType = sourcecode.swift; path = AdjustButton.swift; sourceTree = "<group>"; };
		7501A45D2B25DACE000C4F7A /* CartItemView.swift */ = {isa = PBXFileReference; lastKnownFileType = sourcecode.swift; path = CartItemView.swift; sourceTree = "<group>"; };
		753647532B262A2D000EF052 /* CartViewModel.swift */ = {isa = PBXFileReference; lastKnownFileType = sourcecode.swift; path = CartViewModel.swift; sourceTree = "<group>"; };
		753647552B265BB1000EF052 /* SetupViewModel.swift */ = {isa = PBXFileReference; lastKnownFileType = sourcecode.swift; name = SetupViewModel.swift; path = ../../../../../Documents/SetupViewModel.swift; sourceTree = "<group>"; };
		753647592B265D59000EF052 /* SaleModalView.swift */ = {isa = PBXFileReference; lastKnownFileType = sourcecode.swift; path = SaleModalView.swift; sourceTree = "<group>"; };
		7536475F2B2665E9000EF052 /* CustomButtonView.swift */ = {isa = PBXFileReference; lastKnownFileType = sourcecode.swift; path = CustomButtonView.swift; sourceTree = "<group>"; };
		753647632B2670AE000EF052 /* StoreViewModel.swift */ = {isa = PBXFileReference; lastKnownFileType = sourcecode.swift; path = StoreViewModel.swift; sourceTree = "<group>"; };
/* End PBXFileReference section */

/* Begin PBXFrameworksBuildPhase section */
		7501A42F2B250B0D000C4F7A /* Frameworks */ = {
			isa = PBXFrameworksBuildPhase;
			buildActionMask = 2147483647;
			files = (
			);
			runOnlyForDeploymentPostprocessing = 0;
		};
/* End PBXFrameworksBuildPhase section */

/* Begin PBXGroup section */
		7501A4292B250B0D000C4F7A = {
			isa = PBXGroup;
			children = (
				7501A4342B250B0D000C4F7A /* Groceries */,
				7501A4332B250B0D000C4F7A /* Products */,
			);
			sourceTree = "<group>";
		};
		7501A4332B250B0D000C4F7A /* Products */ = {
			isa = PBXGroup;
			children = (
				7501A4322B250B0D000C4F7A /* Groceries.app */,
			);
			name = Products;
			sourceTree = "<group>";
		};
		7501A4342B250B0D000C4F7A /* Groceries */ = {
			isa = PBXGroup;
			children = (
				7501A4532B25B665000C4F7A /* Model */,
				7501A4452B2516B5000C4F7A /* Screens */,
				7501A4502B251947000C4F7A /* Views */,
				7501A4352B250B0D000C4F7A /* GroceriesApp.swift */,
				7501A4392B250B0E000C4F7A /* Assets.xcassets */,
				7501A43B2B250B0E000C4F7A /* Preview Content */,
			);
			path = Groceries;
			sourceTree = "<group>";
		};
		7501A43B2B250B0E000C4F7A /* Preview Content */ = {
			isa = PBXGroup;
			children = (
				7501A43C2B250B0E000C4F7A /* Preview Assets.xcassets */,
			);
			path = "Preview Content";
			sourceTree = "<group>";
		};
		7501A4452B2516B5000C4F7A /* Screens */ = {
			isa = PBXGroup;
			children = (
				7501A44F2B25175C000C4F7A /* TabBar */,
				7501A4462B2516BB000C4F7A /* Store */,
				7501A4472B2516BE000C4F7A /* Cart */,
				7501A4482B2516DA000C4F7A /* Setup */,
			);
			path = Screens;
			sourceTree = "<group>";
		};
		7501A4462B2516BB000C4F7A /* Store */ = {
			isa = PBXGroup;
			children = (
				7501A4492B2516F4000C4F7A /* StoreView.swift */,
				7501A4512B251E86000C4F7A /* ProductCardView.swift */,
				753647632B2670AE000EF052 /* StoreViewModel.swift */,
			);
			path = Store;
			sourceTree = "<group>";
		};
		7501A4472B2516BE000C4F7A /* Cart */ = {
			isa = PBXGroup;
			children = (
				7536475C2B265EA1000EF052 /* Views */,
				7501A44B2B251702000C4F7A /* CartView.swift */,
				753647532B262A2D000EF052 /* CartViewModel.swift */,
			);
			path = Cart;
			sourceTree = "<group>";
		};
		7501A4482B2516DA000C4F7A /* Setup */ = {
			isa = PBXGroup;
			children = (
				7536475B2B265E95000EF052 /* Views */,
				7501A44D2B251712000C4F7A /* SetupView.swift */,
				753647552B265BB1000EF052 /* SetupViewModel.swift */,
			);
			path = Setup;
			sourceTree = "<group>";
		};
		7501A44F2B25175C000C4F7A /* TabBar */ = {
			isa = PBXGroup;
			children = (
				7501A4432B250ED6000C4F7A /* CustomTabBar.swift */,
				7501A4372B250B0D000C4F7A /* MainTabContainerView.swift */,
			);
			path = TabBar;
			sourceTree = "<group>";
		};
		7501A4502B251947000C4F7A /* Views */ = {
			isa = PBXGroup;
			children = (
				7501A45C2B25C7A1000C4F7A /* Buttons */,
			);
			path = Views;
			sourceTree = "<group>";
		};
		7501A4532B25B665000C4F7A /* Model */ = {
			isa = PBXGroup;
			children = (
				7501A4542B25B676000C4F7A /* GroceryModel.swift */,
			);
			path = Model;
			sourceTree = "<group>";
		};
		7501A45C2B25C7A1000C4F7A /* Buttons */ = {
			isa = PBXGroup;
			children = (
				7501A4582B25C49B000C4F7A /* AddButton.swift */,
				7501A45A2B25C4C5000C4F7A /* AdjustButton.swift */,
				7536475F2B2665E9000EF052 /* CustomButtonView.swift */,
			);
			path = Buttons;
			sourceTree = "<group>";
		};
		7536475B2B265E95000EF052 /* Views */ = {
			isa = PBXGroup;
			children = (
				753647592B265D59000EF052 /* SaleModalView.swift */,
			);
			path = Views;
			sourceTree = "<group>";
		};
		7536475C2B265EA1000EF052 /* Views */ = {
			isa = PBXGroup;
			children = (
				7501A45D2B25DACE000C4F7A /* CartItemView.swift */,
			);
			path = Views;
			sourceTree = "<group>";
		};
/* End PBXGroup section */

/* Begin PBXNativeTarget section */
		7501A4312B250B0D000C4F7A /* Groceries */ = {
			isa = PBXNativeTarget;
			buildConfigurationList = 7501A4402B250B0E000C4F7A /* Build configuration list for PBXNativeTarget "Groceries" */;
			buildPhases = (
				7501A42E2B250B0D000C4F7A /* Sources */,
				7501A42F2B250B0D000C4F7A /* Frameworks */,
				7501A4302B250B0D000C4F7A /* Resources */,
			);
			buildRules = (
			);
			dependencies = (
			);
			name = Groceries;
			productName = Groceries;
			productReference = 7501A4322B250B0D000C4F7A /* Groceries.app */;
			productType = "com.apple.product-type.application";
		};
/* End PBXNativeTarget section */

/* Begin PBXProject section */
		7501A42A2B250B0D000C4F7A /* Project object */ = {
			isa = PBXProject;
			attributes = {
				BuildIndependentTargetsInParallel = 1;
				LastSwiftUpdateCheck = 1500;
				LastUpgradeCheck = 1500;
				TargetAttributes = {
					7501A4312B250B0D000C4F7A = {
						CreatedOnToolsVersion = 15.0.1;
					};
				};
			};
			buildConfigurationList = 7501A42D2B250B0D000C4F7A /* Build configuration list for PBXProject "Groceries" */;
			compatibilityVersion = "Xcode 14.0";
			developmentRegion = en;
			hasScannedForEncodings = 0;
			knownRegions = (
				en,
				Base,
			);
			mainGroup = 7501A4292B250B0D000C4F7A;
			productRefGroup = 7501A4332B250B0D000C4F7A /* Products */;
			projectDirPath = "";
			projectRoot = "";
			targets = (
				7501A4312B250B0D000C4F7A /* Groceries */,
			);
		};
/* End PBXProject section */

/* Begin PBXResourcesBuildPhase section */
		7501A4302B250B0D000C4F7A /* Resources */ = {
			isa = PBXResourcesBuildPhase;
			buildActionMask = 2147483647;
			files = (
				7501A43D2B250B0E000C4F7A /* Preview Assets.xcassets in Resources */,
				7501A43A2B250B0E000C4F7A /* Assets.xcassets in Resources */,
			);
			runOnlyForDeploymentPostprocessing = 0;
		};
/* End PBXResourcesBuildPhase section */

/* Begin PBXSourcesBuildPhase section */
		7501A42E2B250B0D000C4F7A /* Sources */ = {
			isa = PBXSourcesBuildPhase;
			buildActionMask = 2147483647;
			files = (
				753647602B2665E9000EF052 /* CustomButtonView.swift in Sources */,
				753647542B262A2D000EF052 /* CartViewModel.swift in Sources */,
				7501A45B2B25C4C5000C4F7A /* AdjustButton.swift in Sources */,
				7501A44C2B251702000C4F7A /* CartView.swift in Sources */,
				7501A4382B250B0D000C4F7A /* MainTabContainerView.swift in Sources */,
				753647562B265BB1000EF052 /* SetupViewModel.swift in Sources */,
				7501A4442B250ED6000C4F7A /* CustomTabBar.swift in Sources */,
				7501A4592B25C49B000C4F7A /* AddButton.swift in Sources */,
				753647642B2670AE000EF052 /* StoreViewModel.swift in Sources */,
				7536475A2B265D59000EF052 /* SaleModalView.swift in Sources */,
				7501A44A2B2516F4000C4F7A /* StoreView.swift in Sources */,
				7501A44E2B251712000C4F7A /* SetupView.swift in Sources */,
				7501A4552B25B676000C4F7A /* GroceryModel.swift in Sources */,
				7501A45E2B25DACE000C4F7A /* CartItemView.swift in Sources */,
				7501A4362B250B0D000C4F7A /* GroceriesApp.swift in Sources */,
				7501A4522B251E86000C4F7A /* ProductCardView.swift in Sources */,
			);
			runOnlyForDeploymentPostprocessing = 0;
		};
/* End PBXSourcesBuildPhase section */

/* Begin XCBuildConfiguration section */
		7501A43E2B250B0E000C4F7A /* Debug */ = {
			isa = XCBuildConfiguration;
			buildSettings = {
				ALWAYS_SEARCH_USER_PATHS = NO;
				ASSETCATALOG_COMPILER_GENERATE_SWIFT_ASSET_SYMBOL_EXTENSIONS = YES;
				CLANG_ANALYZER_NONNULL = YES;
				CLANG_ANALYZER_NUMBER_OBJECT_CONVERSION = YES_AGGRESSIVE;
				CLANG_CXX_LANGUAGE_STANDARD = "gnu++20";
				CLANG_ENABLE_MODULES = YES;
				CLANG_ENABLE_OBJC_ARC = YES;
				CLANG_ENABLE_OBJC_WEAK = YES;
				CLANG_WARN_BLOCK_CAPTURE_AUTORELEASING = YES;
				CLANG_WARN_BOOL_CONVERSION = YES;
				CLANG_WARN_COMMA = YES;
				CLANG_WARN_CONSTANT_CONVERSION = YES;
				CLANG_WARN_DEPRECATED_OBJC_IMPLEMENTATIONS = YES;
				CLANG_WARN_DIRECT_OBJC_ISA_USAGE = YES_ERROR;
				CLANG_WARN_DOCUMENTATION_COMMENTS = YES;
				CLANG_WARN_EMPTY_BODY = YES;
				CLANG_WARN_ENUM_CONVERSION = YES;
				CLANG_WARN_INFINITE_RECURSION = YES;
				CLANG_WARN_INT_CONVERSION = YES;
				CLANG_WARN_NON_LITERAL_NULL_CONVERSION = YES;
				CLANG_WARN_OBJC_IMPLICIT_RETAIN_SELF = YES;
				CLANG_WARN_OBJC_LITERAL_CONVERSION = YES;
				CLANG_WARN_OBJC_ROOT_CLASS = YES_ERROR;
				CLANG_WARN_QUOTED_INCLUDE_IN_FRAMEWORK_HEADER = YES;
				CLANG_WARN_RANGE_LOOP_ANALYSIS = YES;
				CLANG_WARN_STRICT_PROTOTYPES = YES;
				CLANG_WARN_SUSPICIOUS_MOVE = YES;
				CLANG_WARN_UNGUARDED_AVAILABILITY = YES_AGGRESSIVE;
				CLANG_WARN_UNREACHABLE_CODE = YES;
				CLANG_WARN__DUPLICATE_METHOD_MATCH = YES;
				COPY_PHASE_STRIP = NO;
				DEBUG_INFORMATION_FORMAT = dwarf;
				ENABLE_STRICT_OBJC_MSGSEND = YES;
				ENABLE_TESTABILITY = YES;
				ENABLE_USER_SCRIPT_SANDBOXING = YES;
				GCC_C_LANGUAGE_STANDARD = gnu17;
				GCC_DYNAMIC_NO_PIC = NO;
				GCC_NO_COMMON_BLOCKS = YES;
				GCC_OPTIMIZATION_LEVEL = 0;
				GCC_PREPROCESSOR_DEFINITIONS = (
					"DEBUG=1",
					"$(inherited)",
				);
				GCC_WARN_64_TO_32_BIT_CONVERSION = YES;
				GCC_WARN_ABOUT_RETURN_TYPE = YES_ERROR;
				GCC_WARN_UNDECLARED_SELECTOR = YES;
				GCC_WARN_UNINITIALIZED_AUTOS = YES_AGGRESSIVE;
				GCC_WARN_UNUSED_FUNCTION = YES;
				GCC_WARN_UNUSED_VARIABLE = YES;
				IPHONEOS_DEPLOYMENT_TARGET = 17.0;
				LOCALIZATION_PREFERS_STRING_CATALOGS = YES;
				MTL_ENABLE_DEBUG_INFO = INCLUDE_SOURCE;
				MTL_FAST_MATH = YES;
				ONLY_ACTIVE_ARCH = YES;
				SDKROOT = iphoneos;
				SWIFT_ACTIVE_COMPILATION_CONDITIONS = "DEBUG $(inherited)";
				SWIFT_OPTIMIZATION_LEVEL = "-Onone";
			};
			name = Debug;
		};
		7501A43F2B250B0E000C4F7A /* Release */ = {
			isa = XCBuildConfiguration;
			buildSettings = {
				ALWAYS_SEARCH_USER_PATHS = NO;
				ASSETCATALOG_COMPILER_GENERATE_SWIFT_ASSET_SYMBOL_EXTENSIONS = YES;
				CLANG_ANALYZER_NONNULL = YES;
				CLANG_ANALYZER_NUMBER_OBJECT_CONVERSION = YES_AGGRESSIVE;
				CLANG_CXX_LANGUAGE_STANDARD = "gnu++20";
				CLANG_ENABLE_MODULES = YES;
				CLANG_ENABLE_OBJC_ARC = YES;
				CLANG_ENABLE_OBJC_WEAK = YES;
				CLANG_WARN_BLOCK_CAPTURE_AUTORELEASING = YES;
				CLANG_WARN_BOOL_CONVERSION = YES;
				CLANG_WARN_COMMA = YES;
				CLANG_WARN_CONSTANT_CONVERSION = YES;
				CLANG_WARN_DEPRECATED_OBJC_IMPLEMENTATIONS = YES;
				CLANG_WARN_DIRECT_OBJC_ISA_USAGE = YES_ERROR;
				CLANG_WARN_DOCUMENTATION_COMMENTS = YES;
				CLANG_WARN_EMPTY_BODY = YES;
				CLANG_WARN_ENUM_CONVERSION = YES;
				CLANG_WARN_INFINITE_RECURSION = YES;
				CLANG_WARN_INT_CONVERSION = YES;
				CLANG_WARN_NON_LITERAL_NULL_CONVERSION = YES;
				CLANG_WARN_OBJC_IMPLICIT_RETAIN_SELF = YES;
				CLANG_WARN_OBJC_LITERAL_CONVERSION = YES;
				CLANG_WARN_OBJC_ROOT_CLASS = YES_ERROR;
				CLANG_WARN_QUOTED_INCLUDE_IN_FRAMEWORK_HEADER = YES;
				CLANG_WARN_RANGE_LOOP_ANALYSIS = YES;
				CLANG_WARN_STRICT_PROTOTYPES = YES;
				CLANG_WARN_SUSPICIOUS_MOVE = YES;
				CLANG_WARN_UNGUARDED_AVAILABILITY = YES_AGGRESSIVE;
				CLANG_WARN_UNREACHABLE_CODE = YES;
				CLANG_WARN__DUPLICATE_METHOD_MATCH = YES;
				COPY_PHASE_STRIP = NO;
				DEBUG_INFORMATION_FORMAT = "dwarf-with-dsym";
				ENABLE_NS_ASSERTIONS = NO;
				ENABLE_STRICT_OBJC_MSGSEND = YES;
				ENABLE_USER_SCRIPT_SANDBOXING = YES;
				GCC_C_LANGUAGE_STANDARD = gnu17;
				GCC_NO_COMMON_BLOCKS = YES;
				GCC_WARN_64_TO_32_BIT_CONVERSION = YES;
				GCC_WARN_ABOUT_RETURN_TYPE = YES_ERROR;
				GCC_WARN_UNDECLARED_SELECTOR = YES;
				GCC_WARN_UNINITIALIZED_AUTOS = YES_AGGRESSIVE;
				GCC_WARN_UNUSED_FUNCTION = YES;
				GCC_WARN_UNUSED_VARIABLE = YES;
				IPHONEOS_DEPLOYMENT_TARGET = 17.0;
				LOCALIZATION_PREFERS_STRING_CATALOGS = YES;
				MTL_ENABLE_DEBUG_INFO = NO;
				MTL_FAST_MATH = YES;
				SDKROOT = iphoneos;
				SWIFT_COMPILATION_MODE = wholemodule;
				VALIDATE_PRODUCT = YES;
			};
			name = Release;
		};
		7501A4412B250B0E000C4F7A /* Debug */ = {
			isa = XCBuildConfiguration;
			buildSettings = {
				ASSETCATALOG_COMPILER_APPICON_NAME = AppIcon;
				ASSETCATALOG_COMPILER_GLOBAL_ACCENT_COLOR_NAME = AccentColor;
				CODE_SIGN_STYLE = Automatic;
				CURRENT_PROJECT_VERSION = 1;
				DEVELOPMENT_ASSET_PATHS = "\"Groceries/Preview Content\"";
				ENABLE_PREVIEWS = YES;
				GENERATE_INFOPLIST_FILE = YES;
				INFOPLIST_KEY_UIApplicationSceneManifest_Generation = YES;
				INFOPLIST_KEY_UIApplicationSupportsIndirectInputEvents = YES;
				INFOPLIST_KEY_UILaunchScreen_Generation = YES;
				INFOPLIST_KEY_UISupportedInterfaceOrientations_iPad = "UIInterfaceOrientationPortrait UIInterfaceOrientationPortraitUpsideDown UIInterfaceOrientationLandscapeLeft UIInterfaceOrientationLandscapeRight";
				INFOPLIST_KEY_UISupportedInterfaceOrientations_iPhone = "UIInterfaceOrientationPortrait UIInterfaceOrientationLandscapeLeft UIInterfaceOrientationLandscapeRight";
				LD_RUNPATH_SEARCH_PATHS = (
					"$(inherited)",
					"@executable_path/Frameworks",
				);
				MARKETING_VERSION = 1.0;
				PRODUCT_BUNDLE_IDENTIFIER = com.Void.Groceries;
				PRODUCT_NAME = "$(TARGET_NAME)";
				SWIFT_EMIT_LOC_STRINGS = YES;
				SWIFT_VERSION = 5.0;
				TARGETED_DEVICE_FAMILY = "1,2";
			};
			name = Debug;
		};
		7501A4422B250B0E000C4F7A /* Release */ = {
			isa = XCBuildConfiguration;
			buildSettings = {
				ASSETCATALOG_COMPILER_APPICON_NAME = AppIcon;
				ASSETCATALOG_COMPILER_GLOBAL_ACCENT_COLOR_NAME = AccentColor;
				CODE_SIGN_STYLE = Automatic;
				CURRENT_PROJECT_VERSION = 1;
				DEVELOPMENT_ASSET_PATHS = "\"Groceries/Preview Content\"";
				ENABLE_PREVIEWS = YES;
				GENERATE_INFOPLIST_FILE = YES;
				INFOPLIST_KEY_UIApplicationSceneManifest_Generation = YES;
				INFOPLIST_KEY_UIApplicationSupportsIndirectInputEvents = YES;
				INFOPLIST_KEY_UILaunchScreen_Generation = YES;
				INFOPLIST_KEY_UISupportedInterfaceOrientations_iPad = "UIInterfaceOrientationPortrait UIInterfaceOrientationPortraitUpsideDown UIInterfaceOrientationLandscapeLeft UIInterfaceOrientationLandscapeRight";
				INFOPLIST_KEY_UISupportedInterfaceOrientations_iPhone = "UIInterfaceOrientationPortrait UIInterfaceOrientationLandscapeLeft UIInterfaceOrientationLandscapeRight";
				LD_RUNPATH_SEARCH_PATHS = (
					"$(inherited)",
					"@executable_path/Frameworks",
				);
				MARKETING_VERSION = 1.0;
				PRODUCT_BUNDLE_IDENTIFIER = com.Void.Groceries;
				PRODUCT_NAME = "$(TARGET_NAME)";
				SWIFT_EMIT_LOC_STRINGS = YES;
				SWIFT_VERSION = 5.0;
				TARGETED_DEVICE_FAMILY = "1,2";
			};
			name = Release;
		};
/* End XCBuildConfiguration section */

/* Begin XCConfigurationList section */
		7501A42D2B250B0D000C4F7A /* Build configuration list for PBXProject "Groceries" */ = {
			isa = XCConfigurationList;
			buildConfigurations = (
				7501A43E2B250B0E000C4F7A /* Debug */,
				7501A43F2B250B0E000C4F7A /* Release */,
			);
			defaultConfigurationIsVisible = 0;
			defaultConfigurationName = Release;
		};
		7501A4402B250B0E000C4F7A /* Build configuration list for PBXNativeTarget "Groceries" */ = {
			isa = XCConfigurationList;
			buildConfigurations = (
				7501A4412B250B0E000C4F7A /* Debug */,
				7501A4422B250B0E000C4F7A /* Release */,
			);
			defaultConfigurationIsVisible = 0;
			defaultConfigurationName = Release;
		};
/* End XCConfigurationList section */
	};
	rootObject = 7501A42A2B250B0D000C4F7A /* Project object */;
}
